
Microsoft Visual Studio Solution File, Format Version 12.00
# Visual Studio Version 17
VisualStudioVersion = 17.4.33110.190
MinimumVisualStudioVersion = 10.0.40219.1
Project("{FAE04EC0-301F-11D3-BF4B-00C04F79EFBC}") = "ConsoleApp11", "ConsoleApp11.csproj", "{A26F315F-0E42-4ECD-ABA8-6DC8E079F0FF}"
EndProject
Global
	GlobalSection(SolutionConfigurationPlatforms) = preSolution
		Debug|Any CPU = Debug|Any CPU
		Release|Any CPU = Release|Any CPU
	EndGlobalSection
	GlobalSection(ProjectConfigurationPlatforms) = postSolution
		{A26F315F-0E42-4ECD-ABA8-6DC8E079F0FF}.Debug|Any CPU.ActiveCfg = Debug|Any CPU
		{A26F315F-0E42-4ECD-ABA8-6DC8E079F0FF}.Debug|Any CPU.Build.0 = Debug|Any CPU
		{A26F315F-0E42-4ECD-ABA8-6DC8E079F0FF}.Release|Any CPU.ActiveCfg = Release|Any CPU
		{A26F315F-0E42-4ECD-ABA8-6DC8E079F0FF}.Release|Any CPU.Build.0 = Release|Any CPU
	EndGlobalSection
	GlobalSection(SolutionProperties) = preSolution
		HideSolutionNode = FALSE
	EndGlobalSection
	GlobalSection(ExtensibilityGlobals) = postSolution
		SolutionGuid = {B7CA8208-9306-4F34-AC7C-59C6BC68BD60}
	EndGlobalSection
EndGlobal
